
Microsoft Visual Studio Solution File, Format Version 12.00
# Visual Studio Version 17
VisualStudioVersion = 17.1.32407.343
MinimumVisualStudioVersion = 10.0.40219.1
Project("{9A19103F-16F7-4668-BE54-9A1E7A4F7556}") = "ConsoleAppFizzBuzz", "ConsoleApp\ConsoleApp\ConsoleAppFizzBuzz.csproj", "{DDB00BC6-8527-4617-A73C-A56D8F082E42}"
EndProject
Project("{9A19103F-16F7-4668-BE54-9A1E7A4F7556}") = "ConsoleAppFizzBuzzUnitTest", "ConsoleApp\ConsoleAppUnitTest\ConsoleAppUnitTest\ConsoleAppFizzBuzzUnitTest.csproj", "{6D2E0109-F3F6-4EB2-BF12-52FC2B47DFA0}"
EndProject
Project("{9A19103F-16F7-4668-BE54-9A1E7A4F7556}") = "IPBlockerCustomMiddleware", "IPBlockerCustomMiddleware\IPBlockerCustomMiddleware.csproj", "{F8560D3D-A8D6-4D7E-86F5-566591F8899F}"
EndProject
Global
	GlobalSection(SolutionConfigurationPlatforms) = preSolution
		Debug|Any CPU = Debug|Any CPU
		Release|Any CPU = Release|Any CPU
	EndGlobalSection
	GlobalSection(ProjectConfigurationPlatforms) = postSolution
		{DDB00BC6-8527-4617-A73C-A56D8F082E42}.Debug|Any CPU.ActiveCfg = Debug|Any CPU
		{DDB00BC6-8527-4617-A73C-A56D8F082E42}.Debug|Any CPU.Build.0 = Debug|Any CPU
		{DDB00BC6-8527-4617-A73C-A56D8F082E42}.Release|Any CPU.ActiveCfg = Release|Any CPU
		{DDB00BC6-8527-4617-A73C-A56D8F082E42}.Release|Any CPU.Build.0 = Release|Any CPU
		{6D2E0109-F3F6-4EB2-BF12-52FC2B47DFA0}.Debug|Any CPU.ActiveCfg = Debug|Any CPU
		{6D2E0109-F3F6-4EB2-BF12-52FC2B47DFA0}.Debug|Any CPU.Build.0 = Debug|Any CPU
		{6D2E0109-F3F6-4EB2-BF12-52FC2B47DFA0}.Release|Any CPU.ActiveCfg = Release|Any CPU
		{6D2E0109-F3F6-4EB2-BF12-52FC2B47DFA0}.Release|Any CPU.Build.0 = Release|Any CPU
		{F8560D3D-A8D6-4D7E-86F5-566591F8899F}.Debug|Any CPU.ActiveCfg = Debug|Any CPU
		{F8560D3D-A8D6-4D7E-86F5-566591F8899F}.Debug|Any CPU.Build.0 = Debug|Any CPU
		{F8560D3D-A8D6-4D7E-86F5-566591F8899F}.Release|Any CPU.ActiveCfg = Release|Any CPU
		{F8560D3D-A8D6-4D7E-86F5-566591F8899F}.Release|Any CPU.Build.0 = Release|Any CPU
	EndGlobalSection
	GlobalSection(SolutionProperties) = preSolution
		HideSolutionNode = FALSE
	EndGlobalSection
	GlobalSection(ExtensibilityGlobals) = postSolution
		SolutionGuid = {2249C4ED-39DD-45D3-96F1-294F3A10261F}
	EndGlobalSection
EndGlobal
